
Microsoft Visual Studio Solution File, Format Version 12.00
# Visual Studio Version 16
VisualStudioVersion = 16.0.31515.178
MinimumVisualStudioVersion = 10.0.40219.1
Project("{2150E333-8FDC-42A3-9474-1A3956D46DE8}") = "Monolit", "Monolit", "{EFE045DB-7DE8-4A8C-A03B-27CCB12863D0}"
EndProject
Project("{2150E333-8FDC-42A3-9474-1A3956D46DE8}") = "DeeFlat.IS4", "DeeFlat.IS4", "{8195D669-2317-48CB-990A-3AB64E7FC337}"
EndProject
Project("{9A19103F-16F7-4668-BE54-9A1E7A4F7556}") = "DeeFlat.Core", "Monolit\DeeFlat.Core\DeeFlat.Core.csproj", "{DA508CA5-F636-46C7-97E1-22C3C46D4FBA}"
EndProject
Project("{9A19103F-16F7-4668-BE54-9A1E7A4F7556}") = "DeeFlat.DataAccess", "Monolit\DeeFlat.DataAccess\DeeFlat.DataAccess.csproj", "{70D38BFB-ECE8-4ADA-8A84-63059804518D}"
EndProject
Project("{9A19103F-16F7-4668-BE54-9A1E7A4F7556}") = "DeeFlat.Services", "Monolit\DeeFlat.Services\DeeFlat.Services.csproj", "{E5E4D816-02B6-4BE2-9385-04EA186772FF}"
EndProject
Project("{9A19103F-16F7-4668-BE54-9A1E7A4F7556}") = "DeeFlat.WebHost", "Monolit\DeeFlat.WebHost\DeeFlat.WebHost.csproj", "{9C749A32-B510-4652-9892-A3CA1E7EB161}"
EndProject
Project("{9A19103F-16F7-4668-BE54-9A1E7A4F7556}") = "DeeFlat.IS4.WebHost", "DeeFlat.IS4\DeeFlat.IS4.WebHost\DeeFlat.IS4.WebHost.csproj", "{841E26D6-902B-4FF8-B4F0-7316B02D8DCD}"
EndProject
Project("{9A19103F-16F7-4668-BE54-9A1E7A4F7556}") = "DeeFlat.IS4.Core", "DeeFlat.IS4\DeeFlat.IS4.Core\DeeFlat.IS4.Core.csproj", "{465D90FC-3322-4D2C-A161-1965D4A15F97}"
EndProject
Project("{9A19103F-16F7-4668-BE54-9A1E7A4F7556}") = "DeeFlat.IS4.DataAccess", "DeeFlat.IS4\DeeFlat.IS4.DataAccess\DeeFlat.IS4.DataAccess.csproj", "{FD1A514E-8CCA-4C2F-9215-762DFC586B24}"
EndProject
Project("{9A19103F-16F7-4668-BE54-9A1E7A4F7556}") = "DeeFlat.Abstractions", "DeeFlat.Abstractions\DeeFlat.Abstractions.csproj", "{C5F6B12E-0F96-4C2C-9A4E-7FD1C7B5E101}"
EndProject
Project("{FAE04EC0-301F-11D3-BF4B-00C04F79EFBC}") = "DeeFlat.IS4.Services", "DeeFlat.IS4.Services\DeeFlat.IS4.Services.csproj", "{B8A8E3FA-12BF-44B6-A727-8DA3B28FEA49}"
EndProject
Global
	GlobalSection(SolutionConfigurationPlatforms) = preSolution
		Debug|Any CPU = Debug|Any CPU
		Release|Any CPU = Release|Any CPU
	EndGlobalSection
	GlobalSection(ProjectConfigurationPlatforms) = postSolution
		{DA508CA5-F636-46C7-97E1-22C3C46D4FBA}.Debug|Any CPU.ActiveCfg = Debug|Any CPU
		{DA508CA5-F636-46C7-97E1-22C3C46D4FBA}.Debug|Any CPU.Build.0 = Debug|Any CPU
		{DA508CA5-F636-46C7-97E1-22C3C46D4FBA}.Release|Any CPU.ActiveCfg = Release|Any CPU
		{DA508CA5-F636-46C7-97E1-22C3C46D4FBA}.Release|Any CPU.Build.0 = Release|Any CPU
		{70D38BFB-ECE8-4ADA-8A84-63059804518D}.Debug|Any CPU.ActiveCfg = Debug|Any CPU
		{70D38BFB-ECE8-4ADA-8A84-63059804518D}.Debug|Any CPU.Build.0 = Debug|Any CPU
		{70D38BFB-ECE8-4ADA-8A84-63059804518D}.Release|Any CPU.ActiveCfg = Release|Any CPU
		{70D38BFB-ECE8-4ADA-8A84-63059804518D}.Release|Any CPU.Build.0 = Release|Any CPU
		{E5E4D816-02B6-4BE2-9385-04EA186772FF}.Debug|Any CPU.ActiveCfg = Debug|Any CPU
		{E5E4D816-02B6-4BE2-9385-04EA186772FF}.Debug|Any CPU.Build.0 = Debug|Any CPU
		{E5E4D816-02B6-4BE2-9385-04EA186772FF}.Release|Any CPU.ActiveCfg = Release|Any CPU
		{E5E4D816-02B6-4BE2-9385-04EA186772FF}.Release|Any CPU.Build.0 = Release|Any CPU
		{9C749A32-B510-4652-9892-A3CA1E7EB161}.Debug|Any CPU.ActiveCfg = Debug|Any CPU
		{9C749A32-B510-4652-9892-A3CA1E7EB161}.Debug|Any CPU.Build.0 = Debug|Any CPU
		{9C749A32-B510-4652-9892-A3CA1E7EB161}.Release|Any CPU.ActiveCfg = Release|Any CPU
		{9C749A32-B510-4652-9892-A3CA1E7EB161}.Release|Any CPU.Build.0 = Release|Any CPU
		{841E26D6-902B-4FF8-B4F0-7316B02D8DCD}.Debug|Any CPU.ActiveCfg = Debug|Any CPU
		{841E26D6-902B-4FF8-B4F0-7316B02D8DCD}.Debug|Any CPU.Build.0 = Debug|Any CPU
		{841E26D6-902B-4FF8-B4F0-7316B02D8DCD}.Release|Any CPU.ActiveCfg = Release|Any CPU
		{841E26D6-902B-4FF8-B4F0-7316B02D8DCD}.Release|Any CPU.Build.0 = Release|Any CPU
		{465D90FC-3322-4D2C-A161-1965D4A15F97}.Debug|Any CPU.ActiveCfg = Debug|Any CPU
		{465D90FC-3322-4D2C-A161-1965D4A15F97}.Debug|Any CPU.Build.0 = Debug|Any CPU
		{465D90FC-3322-4D2C-A161-1965D4A15F97}.Release|Any CPU.ActiveCfg = Release|Any CPU
		{465D90FC-3322-4D2C-A161-1965D4A15F97}.Release|Any CPU.Build.0 = Release|Any CPU
		{FD1A514E-8CCA-4C2F-9215-762DFC586B24}.Debug|Any CPU.ActiveCfg = Debug|Any CPU
		{FD1A514E-8CCA-4C2F-9215-762DFC586B24}.Debug|Any CPU.Build.0 = Debug|Any CPU
		{FD1A514E-8CCA-4C2F-9215-762DFC586B24}.Release|Any CPU.ActiveCfg = Release|Any CPU
		{FD1A514E-8CCA-4C2F-9215-762DFC586B24}.Release|Any CPU.Build.0 = Release|Any CPU
		{C5F6B12E-0F96-4C2C-9A4E-7FD1C7B5E101}.Debug|Any CPU.ActiveCfg = Debug|Any CPU
		{C5F6B12E-0F96-4C2C-9A4E-7FD1C7B5E101}.Debug|Any CPU.Build.0 = Debug|Any CPU
		{C5F6B12E-0F96-4C2C-9A4E-7FD1C7B5E101}.Release|Any CPU.ActiveCfg = Release|Any CPU
		{C5F6B12E-0F96-4C2C-9A4E-7FD1C7B5E101}.Release|Any CPU.Build.0 = Release|Any CPU
		{B8A8E3FA-12BF-44B6-A727-8DA3B28FEA49}.Debug|Any CPU.ActiveCfg = Debug|Any CPU
		{B8A8E3FA-12BF-44B6-A727-8DA3B28FEA49}.Debug|Any CPU.Build.0 = Debug|Any CPU
		{B8A8E3FA-12BF-44B6-A727-8DA3B28FEA49}.Release|Any CPU.ActiveCfg = Release|Any CPU
		{B8A8E3FA-12BF-44B6-A727-8DA3B28FEA49}.Release|Any CPU.Build.0 = Release|Any CPU
	EndGlobalSection
	GlobalSection(SolutionProperties) = preSolution
		HideSolutionNode = FALSE
	EndGlobalSection
	GlobalSection(NestedProjects) = preSolution
		{DA508CA5-F636-46C7-97E1-22C3C46D4FBA} = {EFE045DB-7DE8-4A8C-A03B-27CCB12863D0}
		{70D38BFB-ECE8-4ADA-8A84-63059804518D} = {EFE045DB-7DE8-4A8C-A03B-27CCB12863D0}
		{E5E4D816-02B6-4BE2-9385-04EA186772FF} = {EFE045DB-7DE8-4A8C-A03B-27CCB12863D0}
		{9C749A32-B510-4652-9892-A3CA1E7EB161} = {EFE045DB-7DE8-4A8C-A03B-27CCB12863D0}
		{841E26D6-902B-4FF8-B4F0-7316B02D8DCD} = {8195D669-2317-48CB-990A-3AB64E7FC337}
		{465D90FC-3322-4D2C-A161-1965D4A15F97} = {8195D669-2317-48CB-990A-3AB64E7FC337}
		{FD1A514E-8CCA-4C2F-9215-762DFC586B24} = {8195D669-2317-48CB-990A-3AB64E7FC337}
		{B8A8E3FA-12BF-44B6-A727-8DA3B28FEA49} = {8195D669-2317-48CB-990A-3AB64E7FC337}
	EndGlobalSection
	GlobalSection(ExtensibilityGlobals) = postSolution
		SolutionGuid = {3A753112-7EEF-4B5E-AC6B-0D785EA0810D}
	EndGlobalSection
EndGlobal
